
Microsoft Visual Studio Solution File, Format Version 12.00
# Visual Studio Version 17
VisualStudioVersion = 17.9.34701.34
MinimumVisualStudioVersion = 10.0.40219.1
Project("{FAE04EC0-301F-11D3-BF4B-00C04F79EFBC}") = "CapaDatos", "CapaDatos\CapaDatos.csproj", "{7727E765-F477-4B5A-90E4-A58B7A71AA5A}"
EndProject
Project("{FAE04EC0-301F-11D3-BF4B-00C04F79EFBC}") = "Presentacion", "Presentacion\Presentacion.csproj", "{5259784A-9EB5-4F30-8302-AA4926E59725}"
EndProject
Global
	GlobalSection(SolutionConfigurationPlatforms) = preSolution
		Debug|Any CPU = Debug|Any CPU
		Release|Any CPU = Release|Any CPU
	EndGlobalSection
	GlobalSection(ProjectConfigurationPlatforms) = postSolution
		{7727E765-F477-4B5A-90E4-A58B7A71AA5A}.Debug|Any CPU.ActiveCfg = Debug|Any CPU
		{7727E765-F477-4B5A-90E4-A58B7A71AA5A}.Debug|Any CPU.Build.0 = Debug|Any CPU
		{7727E765-F477-4B5A-90E4-A58B7A71AA5A}.Release|Any CPU.ActiveCfg = Release|Any CPU
		{7727E765-F477-4B5A-90E4-A58B7A71AA5A}.Release|Any CPU.Build.0 = Release|Any CPU
		{5259784A-9EB5-4F30-8302-AA4926E59725}.Debug|Any CPU.ActiveCfg = Debug|Any CPU
		{5259784A-9EB5-4F30-8302-AA4926E59725}.Debug|Any CPU.Build.0 = Debug|Any CPU
		{5259784A-9EB5-4F30-8302-AA4926E59725}.Release|Any CPU.ActiveCfg = Release|Any CPU
		{5259784A-9EB5-4F30-8302-AA4926E59725}.Release|Any CPU.Build.0 = Release|Any CPU
	EndGlobalSection
	GlobalSection(SolutionProperties) = preSolution
		HideSolutionNode = FALSE
	EndGlobalSection
	GlobalSection(ExtensibilityGlobals) = postSolution
		SolutionGuid = {8E7E1FF0-C2F8-4B79-9999-33AE0028A12C}
	EndGlobalSection
EndGlobal
